
Microsoft Visual Studio Solution File, Format Version 12.00
# Visual Studio 15
VisualStudioVersion = 15.0.27428.2015
MinimumVisualStudioVersion = 10.0.40219.1
Project("{FAE04EC0-301F-11D3-BF4B-00C04F79EFBC}") = "IAudio.Android", "IAudio\IAudio.Android\IAudio.Android.csproj", "{9E92BA1F-A523-45C1-BD74-A99AB1A54B7A}"
EndProject
Project("{FAE04EC0-301F-11D3-BF4B-00C04F79EFBC}") = "IAudio.iOS", "IAudio\IAudio.iOS\IAudio.iOS.csproj", "{F330DDAD-3B17-4768-BA2A-B9DDF73990F1}"
EndProject
Project("{FAE04EC0-301F-11D3-BF4B-00C04F79EFBC}") = "IAudio.UWP", "IAudio\IAudio.UWP\IAudio.UWP.csproj", "{48DD0897-A0B0-4607-904E-F34BFCE0EAEA}"
EndProject
Project("{9A19103F-16F7-4668-BE54-9A1E7A4F7556}") = "IAudio", "IAudio\IAudio\IAudio.csproj", "{12E19AED-53E1-4DEE-AF4F-55EFAB31ABA3}"
EndProject
Global
	GlobalSection(SolutionConfigurationPlatforms) = preSolution
		Ad-Hoc|Any CPU = Ad-Hoc|Any CPU
		Ad-Hoc|ARM = Ad-Hoc|ARM
		Ad-Hoc|iPhone = Ad-Hoc|iPhone
		Ad-Hoc|iPhoneSimulator = Ad-Hoc|iPhoneSimulator
		Ad-Hoc|x64 = Ad-Hoc|x64
		Ad-Hoc|x86 = Ad-Hoc|x86
		AppStore|Any CPU = AppStore|Any CPU
		AppStore|ARM = AppStore|ARM
		AppStore|iPhone = AppStore|iPhone
		AppStore|iPhoneSimulator = AppStore|iPhoneSimulator
		AppStore|x64 = AppStore|x64
		AppStore|x86 = AppStore|x86
		Debug|Any CPU = Debug|Any CPU
		Debug|ARM = Debug|ARM
		Debug|iPhone = Debug|iPhone
		Debug|iPhoneSimulator = Debug|iPhoneSimulator
		Debug|x64 = Debug|x64
		Debug|x86 = Debug|x86
		Release|Any CPU = Release|Any CPU
		Release|ARM = Release|ARM
		Release|iPhone = Release|iPhone
		Release|iPhoneSimulator = Release|iPhoneSimulator
		Release|x64 = Release|x64
		Release|x86 = Release|x86
	EndGlobalSection
	GlobalSection(ProjectConfigurationPlatforms) = postSolution
		{9E92BA1F-A523-45C1-BD74-A99AB1A54B7A}.Ad-Hoc|Any CPU.ActiveCfg = Release|Any CPU
		{9E92BA1F-A523-45C1-BD74-A99AB1A54B7A}.Ad-Hoc|Any CPU.Build.0 = Release|Any CPU
		{9E92BA1F-A523-45C1-BD74-A99AB1A54B7A}.Ad-Hoc|Any CPU.Deploy.0 = Release|Any CPU
		{9E92BA1F-A523-45C1-BD74-A99AB1A54B7A}.Ad-Hoc|ARM.ActiveCfg = Release|Any CPU
		{9E92BA1F-A523-45C1-BD74-A99AB1A54B7A}.Ad-Hoc|ARM.Build.0 = Release|Any CPU
		{9E92BA1F-A523-45C1-BD74-A99AB1A54B7A}.Ad-Hoc|ARM.Deploy.0 = Release|Any CPU
		{9E92BA1F-A523-45C1-BD74-A99AB1A54B7A}.Ad-Hoc|iPhone.ActiveCfg = Release|Any CPU
		{9E92BA1F-A523-45C1-BD74-A99AB1A54B7A}.Ad-Hoc|iPhone.Build.0 = Release|Any CPU
		{9E92BA1F-A523-45C1-BD74-A99AB1A54B7A}.Ad-Hoc|iPhone.Deploy.0 = Release|Any CPU
		{9E92BA1F-A523-45C1-BD74-A99AB1A54B7A}.Ad-Hoc|iPhoneSimulator.ActiveCfg = Release|Any CPU
		{9E92BA1F-A523-45C1-BD74-A99AB1A54B7A}.Ad-Hoc|iPhoneSimulator.Build.0 = Release|Any CPU
		{9E92BA1F-A523-45C1-BD74-A99AB1A54B7A}.Ad-Hoc|iPhoneSimulator.Deploy.0 = Release|Any CPU
		{9E92BA1F-A523-45C1-BD74-A99AB1A54B7A}.Ad-Hoc|x64.ActiveCfg = Release|Any CPU
		{9E92BA1F-A523-45C1-BD74-A99AB1A54B7A}.Ad-Hoc|x64.Build.0 = Release|Any CPU
		{9E92BA1F-A523-45C1-BD74-A99AB1A54B7A}.Ad-Hoc|x64.Deploy.0 = Release|Any CPU
		{9E92BA1F-A523-45C1-BD74-A99AB1A54B7A}.Ad-Hoc|x86.ActiveCfg = Release|Any CPU
		{9E92BA1F-A523-45C1-BD74-A99AB1A54B7A}.Ad-Hoc|x86.Build.0 = Release|Any CPU
		{9E92BA1F-A523-45C1-BD74-A99AB1A54B7A}.Ad-Hoc|x86.Deploy.0 = Release|Any CPU
		{9E92BA1F-A523-45C1-BD74-A99AB1A54B7A}.AppStore|Any CPU.ActiveCfg = Release|Any CPU
		{9E92BA1F-A523-45C1-BD74-A99AB1A54B7A}.AppStore|Any CPU.Build.0 = Release|Any CPU
		{9E92BA1F-A523-45C1-BD74-A99AB1A54B7A}.AppStore|Any CPU.Deploy.0 = Release|Any CPU
		{9E92BA1F-A523-45C1-BD74-A99AB1A54B7A}.AppStore|ARM.ActiveCfg = Release|Any CPU
		{9E92BA1F-A523-45C1-BD74-A99AB1A54B7A}.AppStore|ARM.Build.0 = Release|Any CPU
		{9E92BA1F-A523-45C1-BD74-A99AB1A54B7A}.AppStore|ARM.Deploy.0 = Release|Any CPU
		{9E92BA1F-A523-45C1-BD74-A99AB1A54B7A}.AppStore|iPhone.ActiveCfg = Release|Any CPU
		{9E92BA1F-A523-45C1-BD74-A99AB1A54B7A}.AppStore|iPhone.Build.0 = Release|Any CPU
		{9E92BA1F-A523-45C1-BD74-A99AB1A54B7A}.AppStore|iPhone.Deploy.0 = Release|Any CPU
		{9E92BA1F-A523-45C1-BD74-A99AB1A54B7A}.AppStore|iPhoneSimulator.ActiveCfg = Release|Any CPU
		{9E92BA1F-A523-45C1-BD74-A99AB1A54B7A}.AppStore|iPhoneSimulator.Build.0 = Release|Any CPU
		{9E92BA1F-A523-45C1-BD74-A99AB1A54B7A}.AppStore|iPhoneSimulator.Deploy.0 = Release|Any CPU
		{9E92BA1F-A523-45C1-BD74-A99AB1A54B7A}.AppStore|x64.ActiveCfg = Release|Any CPU
		{9E92BA1F-A523-45C1-BD74-A99AB1A54B7A}.AppStore|x64.Build.0 = Release|Any CPU
		{9E92BA1F-A523-45C1-BD74-A99AB1A54B7A}.AppStore|x64.Deploy.0 = Release|Any CPU
		{9E92BA1F-A523-45C1-BD74-A99AB1A54B7A}.AppStore|x86.ActiveCfg = Release|Any CPU
		{9E92BA1F-A523-45C1-BD74-A99AB1A54B7A}.AppStore|x86.Build.0 = Release|Any CPU
		{9E92BA1F-A523-45C1-BD74-A99AB1A54B7A}.AppStore|x86.Deploy.0 = Release|Any CPU
		{9E92BA1F-A523-45C1-BD74-A99AB1A54B7A}.Debug|Any CPU.ActiveCfg = Debug|Any CPU
		{9E92BA1F-A523-45C1-BD74-A99AB1A54B7A}.Debug|Any CPU.Build.0 = Debug|Any CPU
		{9E92BA1F-A523-45C1-BD74-A99AB1A54B7A}.Debug|Any CPU.Deploy.0 = Debug|Any CPU
		{9E92BA1F-A523-45C1-BD74-A99AB1A54B7A}.Debug|ARM.ActiveCfg = Debug|Any CPU
		{9E92BA1F-A523-45C1-BD74-A99AB1A54B7A}.Debug|ARM.Build.0 = Debug|Any CPU
		{9E92BA1F-A523-45C1-BD74-A99AB1A54B7A}.Debug|ARM.Deploy.0 = Debug|Any CPU
		{9E92BA1F-A523-45C1-BD74-A99AB1A54B7A}.Debug|iPhone.ActiveCfg = Debug|Any CPU
		{9E92BA1F-A523-45C1-BD74-A99AB1A54B7A}.Debug|iPhone.Build.0 = Debug|Any CPU
		{9E92BA1F-A523-45C1-BD74-A99AB1A54B7A}.Debug|iPhone.Deploy.0 = Debug|Any CPU
		{9E92BA1F-A523-45C1-BD74-A99AB1A54B7A}.Debug|iPhoneSimulator.ActiveCfg = Debug|Any CPU
		{9E92BA1F-A523-45C1-BD74-A99AB1A54B7A}.Debug|iPhoneSimulator.Build.0 = Debug|Any CPU
		{9E92BA1F-A523-45C1-BD74-A99AB1A54B7A}.Debug|iPhoneSimulator.Deploy.0 = Debug|Any CPU
		{9E92BA1F-A523-45C1-BD74-A99AB1A54B7A}.Debug|x64.ActiveCfg = Debug|Any CPU
		{9E92BA1F-A523-45C1-BD74-A99AB1A54B7A}.Debug|x64.Build.0 = Debug|Any CPU
		{9E92BA1F-A523-45C1-BD74-A99AB1A54B7A}.Debug|x64.Deploy.0 = Debug|Any CPU
		{9E92BA1F-A523-45C1-BD74-A99AB1A54B7A}.Debug|x86.ActiveCfg = Debug|Any CPU
		{9E92BA1F-A523-45C1-BD74-A99AB1A54B7A}.Debug|x86.Build.0 = Debug|Any CPU
		{9E92BA1F-A523-45C1-BD74-A99AB1A54B7A}.Debug|x86.Deploy.0 = Debug|Any CPU
		{9E92BA1F-A523-45C1-BD74-A99AB1A54B7A}.Release|Any CPU.ActiveCfg = Release|Any CPU
		{9E92BA1F-A523-45C1-BD74-A99AB1A54B7A}.Release|Any CPU.Build.0 = Release|Any CPU
		{9E92BA1F-A523-45C1-BD74-A99AB1A54B7A}.Release|Any CPU.Deploy.0 = Release|Any CPU
		{9E92BA1F-A523-45C1-BD74-A99AB1A54B7A}.Release|ARM.ActiveCfg = Release|Any CPU
		{9E92BA1F-A523-45C1-BD74-A99AB1A54B7A}.Release|ARM.Build.0 = Release|Any CPU
		{9E92BA1F-A523-45C1-BD74-A99AB1A54B7A}.Release|ARM.Deploy.0 = Release|Any CPU
		{9E92BA1F-A523-45C1-BD74-A99AB1A54B7A}.Release|iPhone.ActiveCfg = Release|Any CPU
		{9E92BA1F-A523-45C1-BD74-A99AB1A54B7A}.Release|iPhone.Build.0 = Release|Any CPU
		{9E92BA1F-A523-45C1-BD74-A99AB1A54B7A}.Release|iPhone.Deploy.0 = Release|Any CPU
		{9E92BA1F-A523-45C1-BD74-A99AB1A54B7A}.Release|iPhoneSimulator.ActiveCfg = Release|Any CPU
		{9E92BA1F-A523-45C1-BD74-A99AB1A54B7A}.Release|iPhoneSimulator.Build.0 = Release|Any CPU
		{9E92BA1F-A523-45C1-BD74-A99AB1A54B7A}.Release|iPhoneSimulator.Deploy.0 = Release|Any CPU
		{9E92BA1F-A523-45C1-BD74-A99AB1A54B7A}.Release|x64.ActiveCfg = Release|Any CPU
		{9E92BA1F-A523-45C1-BD74-A99AB1A54B7A}.Release|x64.Build.0 = Release|Any CPU
		{9E92BA1F-A523-45C1-BD74-A99AB1A54B7A}.Release|x64.Deploy.0 = Release|Any CPU
		{9E92BA1F-A523-45C1-BD74-A99AB1A54B7A}.Release|x86.ActiveCfg = Release|Any CPU
		{9E92BA1F-A523-45C1-BD74-A99AB1A54B7A}.Release|x86.Build.0 = Release|Any CPU
		{9E92BA1F-A523-45C1-BD74-A99AB1A54B7A}.Release|x86.Deploy.0 = Release|Any CPU
		{F330DDAD-3B17-4768-BA2A-B9DDF73990F1}.Ad-Hoc|Any CPU.ActiveCfg = Ad-Hoc|iPhone
		{F330DDAD-3B17-4768-BA2A-B9DDF73990F1}.Ad-Hoc|ARM.ActiveCfg = Ad-Hoc|iPhone
		{F330DDAD-3B17-4768-BA2A-B9DDF73990F1}.Ad-Hoc|iPhone.ActiveCfg = Ad-Hoc|iPhone
		{F330DDAD-3B17-4768-BA2A-B9DDF73990F1}.Ad-Hoc|iPhone.Build.0 = Ad-Hoc|iPhone
		{F330DDAD-3B17-4768-BA2A-B9DDF73990F1}.Ad-Hoc|iPhoneSimulator.ActiveCfg = Ad-Hoc|iPhoneSimulator
		{F330DDAD-3B17-4768-BA2A-B9DDF73990F1}.Ad-Hoc|iPhoneSimulator.Build.0 = Ad-Hoc|iPhoneSimulator
		{F330DDAD-3B17-4768-BA2A-B9DDF73990F1}.Ad-Hoc|x64.ActiveCfg = Ad-Hoc|iPhone
		{F330DDAD-3B17-4768-BA2A-B9DDF73990F1}.Ad-Hoc|x86.ActiveCfg = Ad-Hoc|iPhone
		{F330DDAD-3B17-4768-BA2A-B9DDF73990F1}.AppStore|Any CPU.ActiveCfg = AppStore|iPhone
		{F330DDAD-3B17-4768-BA2A-B9DDF73990F1}.AppStore|ARM.ActiveCfg = AppStore|iPhone
		{F330DDAD-3B17-4768-BA2A-B9DDF73990F1}.AppStore|iPhone.ActiveCfg = AppStore|iPhone
		{F330DDAD-3B17-4768-BA2A-B9DDF73990F1}.AppStore|iPhone.Build.0 = AppStore|iPhone
		{F330DDAD-3B17-4768-BA2A-B9DDF73990F1}.AppStore|iPhoneSimulator.ActiveCfg = AppStore|iPhoneSimulator
		{F330DDAD-3B17-4768-BA2A-B9DDF73990F1}.AppStore|iPhoneSimulator.Build.0 = AppStore|iPhoneSimulator
		{F330DDAD-3B17-4768-BA2A-B9DDF73990F1}.AppStore|x64.ActiveCfg = AppStore|iPhone
		{F330DDAD-3B17-4768-BA2A-B9DDF73990F1}.AppStore|x86.ActiveCfg = AppStore|iPhone
		{F330DDAD-3B17-4768-BA2A-B9DDF73990F1}.Debug|Any CPU.ActiveCfg = Debug|iPhone
		{F330DDAD-3B17-4768-BA2A-B9DDF73990F1}.Debug|ARM.ActiveCfg = Debug|iPhone
		{F330DDAD-3B17-4768-BA2A-B9DDF73990F1}.Debug|iPhone.ActiveCfg = Debug|iPhone
		{F330DDAD-3B17-4768-BA2A-B9DDF73990F1}.Debug|iPhone.Build.0 = Debug|iPhone
		{F330DDAD-3B17-4768-BA2A-B9DDF73990F1}.Debug|iPhoneSimulator.ActiveCfg = Debug|iPhoneSimulator
		{F330DDAD-3B17-4768-BA2A-B9DDF73990F1}.Debug|iPhoneSimulator.Build.0 = Debug|iPhoneSimulator
		{F330DDAD-3B17-4768-BA2A-B9DDF73990F1}.Debug|x64.ActiveCfg = Debug|iPhone
		{F330DDAD-3B17-4768-BA2A-B9DDF73990F1}.Debug|x86.ActiveCfg = Debug|iPhone
		{F330DDAD-3B17-4768-BA2A-B9DDF73990F1}.Release|Any CPU.ActiveCfg = Release|iPhone
		{F330DDAD-3B17-4768-BA2A-B9DDF73990F1}.Release|ARM.ActiveCfg = Release|iPhone
		{F330DDAD-3B17-4768-BA2A-B9DDF73990F1}.Release|iPhone.ActiveCfg = Release|iPhone
		{F330DDAD-3B17-4768-BA2A-B9DDF73990F1}.Release|iPhone.Build.0 = Release|iPhone
		{F330DDAD-3B17-4768-BA2A-B9DDF73990F1}.Release|iPhoneSimulator.ActiveCfg = Release|iPhoneSimulator
		{F330DDAD-3B17-4768-BA2A-B9DDF73990F1}.Release|iPhoneSimulator.Build.0 = Release|iPhoneSimulator
		{F330DDAD-3B17-4768-BA2A-B9DDF73990F1}.Release|x64.ActiveCfg = Release|iPhone
		{F330DDAD-3B17-4768-BA2A-B9DDF73990F1}.Release|x86.ActiveCfg = Release|iPhone
		{48DD0897-A0B0-4607-904E-F34BFCE0EAEA}.Ad-Hoc|Any CPU.ActiveCfg = Release|x86
		{48DD0897-A0B0-4607-904E-F34BFCE0EAEA}.Ad-Hoc|Any CPU.Build.0 = Release|x86
		{48DD0897-A0B0-4607-904E-F34BFCE0EAEA}.Ad-Hoc|Any CPU.Deploy.0 = Release|x86
		{48DD0897-A0B0-4607-904E-F34BFCE0EAEA}.Ad-Hoc|ARM.ActiveCfg = Release|ARM
		{48DD0897-A0B0-4607-904E-F34BFCE0EAEA}.Ad-Hoc|ARM.Build.0 = Release|ARM
		{48DD0897-A0B0-4607-904E-F34BFCE0EAEA}.Ad-Hoc|ARM.Deploy.0 = Release|ARM
		{48DD0897-A0B0-4607-904E-F34BFCE0EAEA}.Ad-Hoc|iPhone.ActiveCfg = Release|x86
		{48DD0897-A0B0-4607-904E-F34BFCE0EAEA}.Ad-Hoc|iPhone.Build.0 = Release|x86
		{48DD0897-A0B0-4607-904E-F34BFCE0EAEA}.Ad-Hoc|iPhone.Deploy.0 = Release|x86
		{48DD0897-A0B0-4607-904E-F34BFCE0EAEA}.Ad-Hoc|iPhoneSimulator.ActiveCfg = Release|x86
		{48DD0897-A0B0-4607-904E-F34BFCE0EAEA}.Ad-Hoc|iPhoneSimulator.Build.0 = Release|x86
		{48DD0897-A0B0-4607-904E-F34BFCE0EAEA}.Ad-Hoc|iPhoneSimulator.Deploy.0 = Release|x86
		{48DD0897-A0B0-4607-904E-F34BFCE0EAEA}.Ad-Hoc|x64.ActiveCfg = Release|x64
		{48DD0897-A0B0-4607-904E-F34BFCE0EAEA}.Ad-Hoc|x64.Build.0 = Release|x64
		{48DD0897-A0B0-4607-904E-F34BFCE0EAEA}.Ad-Hoc|x64.Deploy.0 = Release|x64
		{48DD0897-A0B0-4607-904E-F34BFCE0EAEA}.Ad-Hoc|x86.ActiveCfg = Release|x86
		{48DD0897-A0B0-4607-904E-F34BFCE0EAEA}.Ad-Hoc|x86.Build.0 = Release|x86
		{48DD0897-A0B0-4607-904E-F34BFCE0EAEA}.Ad-Hoc|x86.Deploy.0 = Release|x86
		{48DD0897-A0B0-4607-904E-F34BFCE0EAEA}.AppStore|Any CPU.ActiveCfg = Release|x86
		{48DD0897-A0B0-4607-904E-F34BFCE0EAEA}.AppStore|Any CPU.Build.0 = Release|x86
		{48DD0897-A0B0-4607-904E-F34BFCE0EAEA}.AppStore|Any CPU.Deploy.0 = Release|x86
		{48DD0897-A0B0-4607-904E-F34BFCE0EAEA}.AppStore|ARM.ActiveCfg = Release|ARM
		{48DD0897-A0B0-4607-904E-F34BFCE0EAEA}.AppStore|ARM.Build.0 = Release|ARM
		{48DD0897-A0B0-4607-904E-F34BFCE0EAEA}.AppStore|ARM.Deploy.0 = Release|ARM
		{48DD0897-A0B0-4607-904E-F34BFCE0EAEA}.AppStore|iPhone.ActiveCfg = Release|x86
		{48DD0897-A0B0-4607-904E-F34BFCE0EAEA}.AppStore|iPhone.Build.0 = Release|x86
		{48DD0897-A0B0-4607-904E-F34BFCE0EAEA}.AppStore|iPhone.Deploy.0 = Release|x86
		{48DD0897-A0B0-4607-904E-F34BFCE0EAEA}.AppStore|iPhoneSimulator.ActiveCfg = Release|x86
		{48DD0897-A0B0-4607-904E-F34BFCE0EAEA}.AppStore|iPhoneSimulator.Build.0 = Release|x86
		{48DD0897-A0B0-4607-904E-F34BFCE0EAEA}.AppStore|iPhoneSimulator.Deploy.0 = Release|x86
		{48DD0897-A0B0-4607-904E-F34BFCE0EAEA}.AppStore|x64.ActiveCfg = Release|x64
		{48DD0897-A0B0-4607-904E-F34BFCE0EAEA}.AppStore|x64.Build.0 = Release|x64
		{48DD0897-A0B0-4607-904E-F34BFCE0EAEA}.AppStore|x64.Deploy.0 = Release|x64
		{48DD0897-A0B0-4607-904E-F34BFCE0EAEA}.AppStore|x86.ActiveCfg = Release|x86
		{48DD0897-A0B0-4607-904E-F34BFCE0EAEA}.AppStore|x86.Build.0 = Release|x86
		{48DD0897-A0B0-4607-904E-F34BFCE0EAEA}.AppStore|x86.Deploy.0 = Release|x86
		{48DD0897-A0B0-4607-904E-F34BFCE0EAEA}.Debug|Any CPU.ActiveCfg = Debug|x86
		{48DD0897-A0B0-4607-904E-F34BFCE0EAEA}.Debug|ARM.ActiveCfg = Debug|ARM
		{48DD0897-A0B0-4607-904E-F34BFCE0EAEA}.Debug|ARM.Build.0 = Debug|ARM
		{48DD0897-A0B0-4607-904E-F34BFCE0EAEA}.Debug|ARM.Deploy.0 = Debug|ARM
		{48DD0897-A0B0-4607-904E-F34BFCE0EAEA}.Debug|iPhone.ActiveCfg = Debug|x86
		{48DD0897-A0B0-4607-904E-F34BFCE0EAEA}.Debug|iPhoneSimulator.ActiveCfg = Debug|x86
		{48DD0897-A0B0-4607-904E-F34BFCE0EAEA}.Debug|x64.ActiveCfg = Debug|x64
		{48DD0897-A0B0-4607-904E-F34BFCE0EAEA}.Debug|x64.Build.0 = Debug|x64
		{48DD0897-A0B0-4607-904E-F34BFCE0EAEA}.Debug|x64.Deploy.0 = Debug|x64
		{48DD0897-A0B0-4607-904E-F34BFCE0EAEA}.Debug|x86.ActiveCfg = Debug|x86
		{48DD0897-A0B0-4607-904E-F34BFCE0EAEA}.Debug|x86.Build.0 = Debug|x86
		{48DD0897-A0B0-4607-904E-F34BFCE0EAEA}.Debug|x86.Deploy.0 = Debug|x86
		{48DD0897-A0B0-4607-904E-F34BFCE0EAEA}.Release|Any CPU.ActiveCfg = Release|x86
		{48DD0897-A0B0-4607-904E-F34BFCE0EAEA}.Release|ARM.ActiveCfg = Release|ARM
		{48DD0897-A0B0-4607-904E-F34BFCE0EAEA}.Release|ARM.Build.0 = Release|ARM
		{48DD0897-A0B0-4607-904E-F34BFCE0EAEA}.Release|ARM.Deploy.0 = Release|ARM
		{48DD0897-A0B0-4607-904E-F34BFCE0EAEA}.Release|iPhone.ActiveCfg = Release|x86
		{48DD0897-A0B0-4607-904E-F34BFCE0EAEA}.Release|iPhoneSimulator.ActiveCfg = Release|x86
		{48DD0897-A0B0-4607-904E-F34BFCE0EAEA}.Release|x64.ActiveCfg = Release|x64
		{48DD0897-A0B0-4607-904E-F34BFCE0EAEA}.Release|x64.Build.0 = Release|x64
		{48DD0897-A0B0-4607-904E-F34BFCE0EAEA}.Release|x64.Deploy.0 = Release|x64
		{48DD0897-A0B0-4607-904E-F34BFCE0EAEA}.Release|x86.ActiveCfg = Release|x86
		{48DD0897-A0B0-4607-904E-F34BFCE0EAEA}.Release|x86.Build.0 = Release|x86
		{48DD0897-A0B0-4607-904E-F34BFCE0EAEA}.Release|x86.Deploy.0 = Release|x86
		{12E19AED-53E1-4DEE-AF4F-55EFAB31ABA3}.Ad-Hoc|Any CPU.ActiveCfg = Debug|Any CPU
		{12E19AED-53E1-4DEE-AF4F-55EFAB31ABA3}.Ad-Hoc|Any CPU.Build.0 = Debug|Any CPU
		{12E19AED-53E1-4DEE-AF4F-55EFAB31ABA3}.Ad-Hoc|ARM.ActiveCfg = Debug|Any CPU
		{12E19AED-53E1-4DEE-AF4F-55EFAB31ABA3}.Ad-Hoc|ARM.Build.0 = Debug|Any CPU
		{12E19AED-53E1-4DEE-AF4F-55EFAB31ABA3}.Ad-Hoc|iPhone.ActiveCfg = Debug|Any CPU
		{12E19AED-53E1-4DEE-AF4F-55EFAB31ABA3}.Ad-Hoc|iPhone.Build.0 = Debug|Any CPU
		{12E19AED-53E1-4DEE-AF4F-55EFAB31ABA3}.Ad-Hoc|iPhoneSimulator.ActiveCfg = Debug|Any CPU
		{12E19AED-53E1-4DEE-AF4F-55EFAB31ABA3}.Ad-Hoc|iPhoneSimulator.Build.0 = Debug|Any CPU
		{12E19AED-53E1-4DEE-AF4F-55EFAB31ABA3}.Ad-Hoc|x64.ActiveCfg = Debug|Any CPU
		{12E19AED-53E1-4DEE-AF4F-55EFAB31ABA3}.Ad-Hoc|x64.Build.0 = Debug|Any CPU
		{12E19AED-53E1-4DEE-AF4F-55EFAB31ABA3}.Ad-Hoc|x86.ActiveCfg = Debug|Any CPU
		{12E19AED-53E1-4DEE-AF4F-55EFAB31ABA3}.Ad-Hoc|x86.Build.0 = Debug|Any CPU
		{12E19AED-53E1-4DEE-AF4F-55EFAB31ABA3}.AppStore|Any CPU.ActiveCfg = Debug|Any CPU
		{12E19AED-53E1-4DEE-AF4F-55EFAB31ABA3}.AppStore|Any CPU.Build.0 = Debug|Any CPU
		{12E19AED-53E1-4DEE-AF4F-55EFAB31ABA3}.AppStore|ARM.ActiveCfg = Debug|Any CPU
		{12E19AED-53E1-4DEE-AF4F-55EFAB31ABA3}.AppStore|ARM.Build.0 = Debug|Any CPU
		{12E19AED-53E1-4DEE-AF4F-55EFAB31ABA3}.AppStore|iPhone.ActiveCfg = Debug|Any CPU
		{12E19AED-53E1-4DEE-AF4F-55EFAB31ABA3}.AppStore|iPhone.Build.0 = Debug|Any CPU
		{12E19AED-53E1-4DEE-AF4F-55EFAB31ABA3}.AppStore|iPhoneSimulator.ActiveCfg = Debug|Any CPU
		{12E19AED-53E1-4DEE-AF4F-55EFAB31ABA3}.AppStore|iPhoneSimulator.Build.0 = Debug|Any CPU
		{12E19AED-53E1-4DEE-AF4F-55EFAB31ABA3}.AppStore|x64.ActiveCfg = Debug|Any CPU
		{12E19AED-53E1-4DEE-AF4F-55EFAB31ABA3}.AppStore|x64.Build.0 = Debug|Any CPU
		{12E19AED-53E1-4DEE-AF4F-55EFAB31ABA3}.AppStore|x86.ActiveCfg = Debug|Any CPU
		{12E19AED-53E1-4DEE-AF4F-55EFAB31ABA3}.AppStore|x86.Build.0 = Debug|Any CPU
		{12E19AED-53E1-4DEE-AF4F-55EFAB31ABA3}.Debug|Any CPU.ActiveCfg = Debug|Any CPU
		{12E19AED-53E1-4DEE-AF4F-55EFAB31ABA3}.Debug|Any CPU.Build.0 = Debug|Any CPU
		{12E19AED-53E1-4DEE-AF4F-55EFAB31ABA3}.Debug|ARM.ActiveCfg = Debug|Any CPU
		{12E19AED-53E1-4DEE-AF4F-55EFAB31ABA3}.Debug|ARM.Build.0 = Debug|Any CPU
		{12E19AED-53E1-4DEE-AF4F-55EFAB31ABA3}.Debug|iPhone.ActiveCfg = Debug|Any CPU
		{12E19AED-53E1-4DEE-AF4F-55EFAB31ABA3}.Debug|iPhone.Build.0 = Debug|Any CPU
		{12E19AED-53E1-4DEE-AF4F-55EFAB31ABA3}.Debug|iPhoneSimulator.ActiveCfg = Debug|Any CPU
		{12E19AED-53E1-4DEE-AF4F-55EFAB31ABA3}.Debug|iPhoneSimulator.Build.0 = Debug|Any CPU
		{12E19AED-53E1-4DEE-AF4F-55EFAB31ABA3}.Debug|x64.ActiveCfg = Debug|Any CPU
		{12E19AED-53E1-4DEE-AF4F-55EFAB31ABA3}.Debug|x64.Build.0 = Debug|Any CPU
		{12E19AED-53E1-4DEE-AF4F-55EFAB31ABA3}.Debug|x86.ActiveCfg = Debug|Any CPU
		{12E19AED-53E1-4DEE-AF4F-55EFAB31ABA3}.Debug|x86.Build.0 = Debug|Any CPU
		{12E19AED-53E1-4DEE-AF4F-55EFAB31ABA3}.Release|Any CPU.ActiveCfg = Release|Any CPU
		{12E19AED-53E1-4DEE-AF4F-55EFAB31ABA3}.Release|Any CPU.Build.0 = Release|Any CPU
		{12E19AED-53E1-4DEE-AF4F-55EFAB31ABA3}.Release|ARM.ActiveCfg = Release|Any CPU
		{12E19AED-53E1-4DEE-AF4F-55EFAB31ABA3}.Release|ARM.Build.0 = Release|Any CPU
		{12E19AED-53E1-4DEE-AF4F-55EFAB31ABA3}.Release|iPhone.ActiveCfg = Release|Any CPU
		{12E19AED-53E1-4DEE-AF4F-55EFAB31ABA3}.Release|iPhone.Build.0 = Release|Any CPU
		{12E19AED-53E1-4DEE-AF4F-55EFAB31ABA3}.Release|iPhoneSimulator.ActiveCfg = Release|Any CPU
		{12E19AED-53E1-4DEE-AF4F-55EFAB31ABA3}.Release|iPhoneSimulator.Build.0 = Release|Any CPU
		{12E19AED-53E1-4DEE-AF4F-55EFAB31ABA3}.Release|x64.ActiveCfg = Release|Any CPU
		{12E19AED-53E1-4DEE-AF4F-55EFAB31ABA3}.Release|x64.Build.0 = Release|Any CPU
		{12E19AED-53E1-4DEE-AF4F-55EFAB31ABA3}.Release|x86.ActiveCfg = Release|Any CPU
		{12E19AED-53E1-4DEE-AF4F-55EFAB31ABA3}.Release|x86.Build.0 = Release|Any CPU
	EndGlobalSection
	GlobalSection(SolutionProperties) = preSolution
		HideSolutionNode = FALSE
	EndGlobalSection
	GlobalSection(ExtensibilityGlobals) = postSolution
		SolutionGuid = {C749CB8E-FE20-4D3A-AE4A-E3BDDFC38CED}
	EndGlobalSection
EndGlobal
